
Microsoft Visual Studio Solution File, Format Version 12.00
# Visual Studio Version 16
VisualStudioVersion = 16.0.30413.136
MinimumVisualStudioVersion = 10.0.40219.1
Project("{FAE04EC0-301F-11D3-BF4B-00C04F79EFBC}") = "01.CookingMasterclass", "test1\01.CookingMasterclass.csproj", "{325E508A-778F-4D47-AF24-04E286AB98C0}"
EndProject
Project("{FAE04EC0-301F-11D3-BF4B-00C04F79EFBC}") = "02.Crafting", "02.Crafting\02.Crafting.csproj", "{316C60D9-6638-494D-88A0-59203EA08C6B}"
EndProject
Project("{FAE04EC0-301F-11D3-BF4B-00C04F79EFBC}") = "03.WarShips", "03.WarShips\03.WarShips.csproj", "{6A9C261C-D631-425C-92AB-536C64B9261E}"
EndProject
Global
	GlobalSection(SolutionConfigurationPlatforms) = preSolution
		Debug|Any CPU = Debug|Any CPU
		Release|Any CPU = Release|Any CPU
	EndGlobalSection
	GlobalSection(ProjectConfigurationPlatforms) = postSolution
		{325E508A-778F-4D47-AF24-04E286AB98C0}.Debug|Any CPU.ActiveCfg = Debug|Any CPU
		{325E508A-778F-4D47-AF24-04E286AB98C0}.Debug|Any CPU.Build.0 = Debug|Any CPU
		{325E508A-778F-4D47-AF24-04E286AB98C0}.Release|Any CPU.ActiveCfg = Release|Any CPU
		{325E508A-778F-4D47-AF24-04E286AB98C0}.Release|Any CPU.Build.0 = Release|Any CPU
		{316C60D9-6638-494D-88A0-59203EA08C6B}.Debug|Any CPU.ActiveCfg = Debug|Any CPU
		{316C60D9-6638-494D-88A0-59203EA08C6B}.Debug|Any CPU.Build.0 = Debug|Any CPU
		{316C60D9-6638-494D-88A0-59203EA08C6B}.Release|Any CPU.ActiveCfg = Release|Any CPU
		{316C60D9-6638-494D-88A0-59203EA08C6B}.Release|Any CPU.Build.0 = Release|Any CPU
		{6A9C261C-D631-425C-92AB-536C64B9261E}.Debug|Any CPU.ActiveCfg = Debug|Any CPU
		{6A9C261C-D631-425C-92AB-536C64B9261E}.Debug|Any CPU.Build.0 = Debug|Any CPU
		{6A9C261C-D631-425C-92AB-536C64B9261E}.Release|Any CPU.ActiveCfg = Release|Any CPU
		{6A9C261C-D631-425C-92AB-536C64B9261E}.Release|Any CPU.Build.0 = Release|Any CPU
	EndGlobalSection
	GlobalSection(SolutionProperties) = preSolution
		HideSolutionNode = FALSE
	EndGlobalSection
	GlobalSection(ExtensibilityGlobals) = postSolution
		SolutionGuid = {0FBE46F6-FAE0-4A4A-8981-2E8264207D22}
	EndGlobalSection
EndGlobal
