
Microsoft Visual Studio Solution File, Format Version 12.00
# Visual Studio Version 16
VisualStudioVersion = 16.0.30413.136
MinimumVisualStudioVersion = 10.0.40219.1
Project("{9A19103F-16F7-4668-BE54-9A1E7A4F7556}") = "01.BonusScoringSystem", "01.BonusScoringSystem\01.BonusScoringSystem.csproj", "{C4C618F6-2544-40EB-840A-0D12EC4EE40C}"
EndProject
Project("{9A19103F-16F7-4668-BE54-9A1E7A4F7556}") = "02.MuOnline", "02.MuOnline\02.MuOnline.csproj", "{2D81D52C-F7D1-4A8A-8582-EE653BF73026}"
EndProject
Project("{FAE04EC0-301F-11D3-BF4B-00C04F79EFBC}") = "03.Inventory", "03.Inventory\03.Inventory.csproj", "{8BBCEC05-B7B1-444A-8169-A04498A757C1}"
EndProject
Global
	GlobalSection(SolutionConfigurationPlatforms) = preSolution
		Debug|Any CPU = Debug|Any CPU
		Release|Any CPU = Release|Any CPU
	EndGlobalSection
	GlobalSection(ProjectConfigurationPlatforms) = postSolution
		{C4C618F6-2544-40EB-840A-0D12EC4EE40C}.Debug|Any CPU.ActiveCfg = Debug|Any CPU
		{C4C618F6-2544-40EB-840A-0D12EC4EE40C}.Debug|Any CPU.Build.0 = Debug|Any CPU
		{C4C618F6-2544-40EB-840A-0D12EC4EE40C}.Release|Any CPU.ActiveCfg = Release|Any CPU
		{C4C618F6-2544-40EB-840A-0D12EC4EE40C}.Release|Any CPU.Build.0 = Release|Any CPU
		{2D81D52C-F7D1-4A8A-8582-EE653BF73026}.Debug|Any CPU.ActiveCfg = Debug|Any CPU
		{2D81D52C-F7D1-4A8A-8582-EE653BF73026}.Debug|Any CPU.Build.0 = Debug|Any CPU
		{2D81D52C-F7D1-4A8A-8582-EE653BF73026}.Release|Any CPU.ActiveCfg = Release|Any CPU
		{2D81D52C-F7D1-4A8A-8582-EE653BF73026}.Release|Any CPU.Build.0 = Release|Any CPU
		{8BBCEC05-B7B1-444A-8169-A04498A757C1}.Debug|Any CPU.ActiveCfg = Debug|Any CPU
		{8BBCEC05-B7B1-444A-8169-A04498A757C1}.Debug|Any CPU.Build.0 = Debug|Any CPU
		{8BBCEC05-B7B1-444A-8169-A04498A757C1}.Release|Any CPU.ActiveCfg = Release|Any CPU
		{8BBCEC05-B7B1-444A-8169-A04498A757C1}.Release|Any CPU.Build.0 = Release|Any CPU
	EndGlobalSection
	GlobalSection(SolutionProperties) = preSolution
		HideSolutionNode = FALSE
	EndGlobalSection
	GlobalSection(ExtensibilityGlobals) = postSolution
		SolutionGuid = {442F11C3-8750-4FB0-A108-5254055745D2}
	EndGlobalSection
EndGlobal
