
Microsoft Visual Studio Solution File, Format Version 12.00
# Visual Studio Version 16
VisualStudioVersion = 16.0.30413.136
MinimumVisualStudioVersion = 10.0.40219.1
Project("{FAE04EC0-301F-11D3-BF4B-00C04F79EFBC}") = "01.SortEvenNumbers", "01.SortEvenNumbers\01.SortEvenNumbers.csproj", "{2A8A9CBA-840A-4093-8A77-0FAD0A041CC4}"
EndProject
Global
	GlobalSection(SolutionConfigurationPlatforms) = preSolution
		Debug|Any CPU = Debug|Any CPU
		Release|Any CPU = Release|Any CPU
	EndGlobalSection
	GlobalSection(ProjectConfigurationPlatforms) = postSolution
		{2A8A9CBA-840A-4093-8A77-0FAD0A041CC4}.Debug|Any CPU.ActiveCfg = Debug|Any CPU
		{2A8A9CBA-840A-4093-8A77-0FAD0A041CC4}.Debug|Any CPU.Build.0 = Debug|Any CPU
		{2A8A9CBA-840A-4093-8A77-0FAD0A041CC4}.Release|Any CPU.ActiveCfg = Release|Any CPU
		{2A8A9CBA-840A-4093-8A77-0FAD0A041CC4}.Release|Any CPU.Build.0 = Release|Any CPU
	EndGlobalSection
	GlobalSection(SolutionProperties) = preSolution
		HideSolutionNode = FALSE
	EndGlobalSection
	GlobalSection(ExtensibilityGlobals) = postSolution
		SolutionGuid = {BB0D0D44-2DA4-4C2C-87A3-52332ADE2206}
	EndGlobalSection
EndGlobal
