
Microsoft Visual Studio Solution File, Format Version 12.00
# Visual Studio Version 16
VisualStudioVersion = 16.0.30413.136
MinimumVisualStudioVersion = 10.0.40219.1
Project("{FAE04EC0-301F-11D3-BF4B-00C04F79EFBC}") = "1.ReverseStrings", "1.ReverseStrings\1.ReverseStrings.csproj", "{030B3D70-84DD-423A-B4A3-AE6467C8D995}"
EndProject
Global
	GlobalSection(SolutionConfigurationPlatforms) = preSolution
		Debug|Any CPU = Debug|Any CPU
		Release|Any CPU = Release|Any CPU
	EndGlobalSection
	GlobalSection(ProjectConfigurationPlatforms) = postSolution
		{030B3D70-84DD-423A-B4A3-AE6467C8D995}.Debug|Any CPU.ActiveCfg = Debug|Any CPU
		{030B3D70-84DD-423A-B4A3-AE6467C8D995}.Debug|Any CPU.Build.0 = Debug|Any CPU
		{030B3D70-84DD-423A-B4A3-AE6467C8D995}.Release|Any CPU.ActiveCfg = Release|Any CPU
		{030B3D70-84DD-423A-B4A3-AE6467C8D995}.Release|Any CPU.Build.0 = Release|Any CPU
	EndGlobalSection
	GlobalSection(SolutionProperties) = preSolution
		HideSolutionNode = FALSE
	EndGlobalSection
	GlobalSection(ExtensibilityGlobals) = postSolution
		SolutionGuid = {2016E878-73A3-4E70-BC59-F882CEF193F4}
	EndGlobalSection
EndGlobal
