
Microsoft Visual Studio Solution File, Format Version 12.00
# Visual Studio Version 16
VisualStudioVersion = 16.0.30413.136
MinimumVisualStudioVersion = 10.0.40219.1
Project("{FAE04EC0-301F-11D3-BF4B-00C04F79EFBC}") = "01.ComputerStore", "01.SoftUniReception\01.ComputerStore.csproj", "{DB66F2C5-F53E-441F-A75F-202E127F04EB}"
EndProject
Project("{FAE04EC0-301F-11D3-BF4B-00C04F79EFBC}") = "02.TheLift", "02.TheLift\02.TheLift.csproj", "{7ADD5F5B-A5BF-42F8-B058-270C000F0373}"
EndProject
Project("{FAE04EC0-301F-11D3-BF4B-00C04F79EFBC}") = "03.MemoryGame", "03.MemoryGame\03.MemoryGame.csproj", "{882153FD-658D-463D-97E4-405D08F89D10}"
EndProject
Global
	GlobalSection(SolutionConfigurationPlatforms) = preSolution
		Debug|Any CPU = Debug|Any CPU
		Release|Any CPU = Release|Any CPU
	EndGlobalSection
	GlobalSection(ProjectConfigurationPlatforms) = postSolution
		{DB66F2C5-F53E-441F-A75F-202E127F04EB}.Debug|Any CPU.ActiveCfg = Debug|Any CPU
		{DB66F2C5-F53E-441F-A75F-202E127F04EB}.Debug|Any CPU.Build.0 = Debug|Any CPU
		{DB66F2C5-F53E-441F-A75F-202E127F04EB}.Release|Any CPU.ActiveCfg = Release|Any CPU
		{DB66F2C5-F53E-441F-A75F-202E127F04EB}.Release|Any CPU.Build.0 = Release|Any CPU
		{7ADD5F5B-A5BF-42F8-B058-270C000F0373}.Debug|Any CPU.ActiveCfg = Debug|Any CPU
		{7ADD5F5B-A5BF-42F8-B058-270C000F0373}.Debug|Any CPU.Build.0 = Debug|Any CPU
		{7ADD5F5B-A5BF-42F8-B058-270C000F0373}.Release|Any CPU.ActiveCfg = Release|Any CPU
		{7ADD5F5B-A5BF-42F8-B058-270C000F0373}.Release|Any CPU.Build.0 = Release|Any CPU
		{882153FD-658D-463D-97E4-405D08F89D10}.Debug|Any CPU.ActiveCfg = Debug|Any CPU
		{882153FD-658D-463D-97E4-405D08F89D10}.Debug|Any CPU.Build.0 = Debug|Any CPU
		{882153FD-658D-463D-97E4-405D08F89D10}.Release|Any CPU.ActiveCfg = Release|Any CPU
		{882153FD-658D-463D-97E4-405D08F89D10}.Release|Any CPU.Build.0 = Release|Any CPU
	EndGlobalSection
	GlobalSection(SolutionProperties) = preSolution
		HideSolutionNode = FALSE
	EndGlobalSection
	GlobalSection(ExtensibilityGlobals) = postSolution
		SolutionGuid = {E4FDEF81-300B-44FD-B695-B0B64F1068ED}
	EndGlobalSection
EndGlobal
