
Microsoft Visual Studio Solution File, Format Version 12.00
# Visual Studio Version 16
VisualStudioVersion = 16.0.30413.136
MinimumVisualStudioVersion = 10.0.40219.1
Project("{FAE04EC0-301F-11D3-BF4B-00C04F79EFBC}") = "01.Train", "01.Train\01.Train.csproj", "{7BDB9836-F607-4D0E-BF74-AC328DFF237A}"
EndProject
Global
	GlobalSection(SolutionConfigurationPlatforms) = preSolution
		Debug|Any CPU = Debug|Any CPU
		Release|Any CPU = Release|Any CPU
	EndGlobalSection
	GlobalSection(ProjectConfigurationPlatforms) = postSolution
		{7BDB9836-F607-4D0E-BF74-AC328DFF237A}.Debug|Any CPU.ActiveCfg = Debug|Any CPU
		{7BDB9836-F607-4D0E-BF74-AC328DFF237A}.Debug|Any CPU.Build.0 = Debug|Any CPU
		{7BDB9836-F607-4D0E-BF74-AC328DFF237A}.Release|Any CPU.ActiveCfg = Release|Any CPU
		{7BDB9836-F607-4D0E-BF74-AC328DFF237A}.Release|Any CPU.Build.0 = Release|Any CPU
	EndGlobalSection
	GlobalSection(SolutionProperties) = preSolution
		HideSolutionNode = FALSE
	EndGlobalSection
	GlobalSection(ExtensibilityGlobals) = postSolution
		SolutionGuid = {0981E786-ACD8-4C7D-BDD3-69B506298312}
	EndGlobalSection
EndGlobal
