
Microsoft Visual Studio Solution File, Format Version 12.00
# Visual Studio Version 16
VisualStudioVersion = 16.0.30413.136
MinimumVisualStudioVersion = 10.0.40219.1
Project("{9A19103F-16F7-4668-BE54-9A1E7A4F7556}") = "01.ActivationKeys", "01.ActivationKeys\01.ActivationKeys.csproj", "{C20FC294-B928-4EFA-B4BB-28BFE6EA7757}"
EndProject
Project("{FAE04EC0-301F-11D3-BF4B-00C04F79EFBC}") = "02.EmojiDetector", "02.EmojiDetector\02.EmojiDetector.csproj", "{1C9A8246-E3A6-40DF-A6E2-A182D27F83E3}"
EndProject
Project("{FAE04EC0-301F-11D3-BF4B-00C04F79EFBC}") = "03.P!rates", "03.P!rates\03.P!rates.csproj", "{0BCB3CC3-B05F-47AA-A53D-282FEF4C29EC}"
EndProject
Global
	GlobalSection(SolutionConfigurationPlatforms) = preSolution
		Debug|Any CPU = Debug|Any CPU
		Release|Any CPU = Release|Any CPU
	EndGlobalSection
	GlobalSection(ProjectConfigurationPlatforms) = postSolution
		{C20FC294-B928-4EFA-B4BB-28BFE6EA7757}.Debug|Any CPU.ActiveCfg = Debug|Any CPU
		{C20FC294-B928-4EFA-B4BB-28BFE6EA7757}.Debug|Any CPU.Build.0 = Debug|Any CPU
		{C20FC294-B928-4EFA-B4BB-28BFE6EA7757}.Release|Any CPU.ActiveCfg = Release|Any CPU
		{C20FC294-B928-4EFA-B4BB-28BFE6EA7757}.Release|Any CPU.Build.0 = Release|Any CPU
		{1C9A8246-E3A6-40DF-A6E2-A182D27F83E3}.Debug|Any CPU.ActiveCfg = Debug|Any CPU
		{1C9A8246-E3A6-40DF-A6E2-A182D27F83E3}.Debug|Any CPU.Build.0 = Debug|Any CPU
		{1C9A8246-E3A6-40DF-A6E2-A182D27F83E3}.Release|Any CPU.ActiveCfg = Release|Any CPU
		{1C9A8246-E3A6-40DF-A6E2-A182D27F83E3}.Release|Any CPU.Build.0 = Release|Any CPU
		{0BCB3CC3-B05F-47AA-A53D-282FEF4C29EC}.Debug|Any CPU.ActiveCfg = Debug|Any CPU
		{0BCB3CC3-B05F-47AA-A53D-282FEF4C29EC}.Debug|Any CPU.Build.0 = Debug|Any CPU
		{0BCB3CC3-B05F-47AA-A53D-282FEF4C29EC}.Release|Any CPU.ActiveCfg = Release|Any CPU
		{0BCB3CC3-B05F-47AA-A53D-282FEF4C29EC}.Release|Any CPU.Build.0 = Release|Any CPU
	EndGlobalSection
	GlobalSection(SolutionProperties) = preSolution
		HideSolutionNode = FALSE
	EndGlobalSection
	GlobalSection(ExtensibilityGlobals) = postSolution
		SolutionGuid = {7A73A8D7-623C-47AB-B663-6D0014C2B448}
	EndGlobalSection
EndGlobal
