
Microsoft Visual Studio Solution File, Format Version 12.00
# Visual Studio Version 16
VisualStudioVersion = 16.0.30413.136
MinimumVisualStudioVersion = 10.0.40219.1
Project("{9A19103F-16F7-4668-BE54-9A1E7A4F7556}") = "01.Messaging", "01.Messaging\01.Messaging.csproj", "{D8F3C2D9-B664-46FA-BD2D-F554EC42AFE9}"
EndProject
Project("{9A19103F-16F7-4668-BE54-9A1E7A4F7556}") = "02.CarRace", "02.CarRace\02.CarRace.csproj", "{C488DB10-472A-46F1-B3E0-0EB563E21929}"
EndProject
Project("{FAE04EC0-301F-11D3-BF4B-00C04F79EFBC}") = "03.TakeSkipRope", "03.TakeSkipRope\03.TakeSkipRope.csproj", "{E184A528-4D71-45F5-9C51-9C06B41F6A3D}"
EndProject
Global
	GlobalSection(SolutionConfigurationPlatforms) = preSolution
		Debug|Any CPU = Debug|Any CPU
		Release|Any CPU = Release|Any CPU
	EndGlobalSection
	GlobalSection(ProjectConfigurationPlatforms) = postSolution
		{D8F3C2D9-B664-46FA-BD2D-F554EC42AFE9}.Debug|Any CPU.ActiveCfg = Debug|Any CPU
		{D8F3C2D9-B664-46FA-BD2D-F554EC42AFE9}.Debug|Any CPU.Build.0 = Debug|Any CPU
		{D8F3C2D9-B664-46FA-BD2D-F554EC42AFE9}.Release|Any CPU.ActiveCfg = Release|Any CPU
		{D8F3C2D9-B664-46FA-BD2D-F554EC42AFE9}.Release|Any CPU.Build.0 = Release|Any CPU
		{C488DB10-472A-46F1-B3E0-0EB563E21929}.Debug|Any CPU.ActiveCfg = Debug|Any CPU
		{C488DB10-472A-46F1-B3E0-0EB563E21929}.Debug|Any CPU.Build.0 = Debug|Any CPU
		{C488DB10-472A-46F1-B3E0-0EB563E21929}.Release|Any CPU.ActiveCfg = Release|Any CPU
		{C488DB10-472A-46F1-B3E0-0EB563E21929}.Release|Any CPU.Build.0 = Release|Any CPU
		{E184A528-4D71-45F5-9C51-9C06B41F6A3D}.Debug|Any CPU.ActiveCfg = Debug|Any CPU
		{E184A528-4D71-45F5-9C51-9C06B41F6A3D}.Debug|Any CPU.Build.0 = Debug|Any CPU
		{E184A528-4D71-45F5-9C51-9C06B41F6A3D}.Release|Any CPU.ActiveCfg = Release|Any CPU
		{E184A528-4D71-45F5-9C51-9C06B41F6A3D}.Release|Any CPU.Build.0 = Release|Any CPU
	EndGlobalSection
	GlobalSection(SolutionProperties) = preSolution
		HideSolutionNode = FALSE
	EndGlobalSection
	GlobalSection(ExtensibilityGlobals) = postSolution
		SolutionGuid = {9224A2E1-1443-4394-8AFD-964B59EB7B04}
	EndGlobalSection
EndGlobal
