
Microsoft Visual Studio Solution File, Format Version 12.00
# Visual Studio Version 16
VisualStudioVersion = 16.0.30413.136
MinimumVisualStudioVersion = 10.0.40219.1
Project("{FAE04EC0-301F-11D3-BF4B-00C04F79EFBC}") = "01.DangerousFloor", "01.DangerousFloor\01.DangerousFloor.csproj", "{35690385-C083-4776-951E-BB62620D68BC}"
EndProject
Global
	GlobalSection(SolutionConfigurationPlatforms) = preSolution
		Debug|Any CPU = Debug|Any CPU
		Release|Any CPU = Release|Any CPU
	EndGlobalSection
	GlobalSection(ProjectConfigurationPlatforms) = postSolution
		{35690385-C083-4776-951E-BB62620D68BC}.Debug|Any CPU.ActiveCfg = Debug|Any CPU
		{35690385-C083-4776-951E-BB62620D68BC}.Debug|Any CPU.Build.0 = Debug|Any CPU
		{35690385-C083-4776-951E-BB62620D68BC}.Release|Any CPU.ActiveCfg = Release|Any CPU
		{35690385-C083-4776-951E-BB62620D68BC}.Release|Any CPU.Build.0 = Release|Any CPU
	EndGlobalSection
	GlobalSection(SolutionProperties) = preSolution
		HideSolutionNode = FALSE
	EndGlobalSection
	GlobalSection(ExtensibilityGlobals) = postSolution
		SolutionGuid = {AE86B903-1BE2-4BB9-83B0-EEEEB5F98401}
	EndGlobalSection
EndGlobal
