
Microsoft Visual Studio Solution File, Format Version 12.00
# Visual Studio Version 16
VisualStudioVersion = 16.0.30413.136
MinimumVisualStudioVersion = 10.0.40219.1
Project("{FAE04EC0-301F-11D3-BF4B-00C04F79EFBC}") = "01.UniqueUsernames", "01.UniqueUsernames\01.UniqueUsernames.csproj", "{37E0BEE0-97A7-4BCE-A92D-11F8CD2228EE}"
EndProject
Global
	GlobalSection(SolutionConfigurationPlatforms) = preSolution
		Debug|Any CPU = Debug|Any CPU
		Release|Any CPU = Release|Any CPU
	EndGlobalSection
	GlobalSection(ProjectConfigurationPlatforms) = postSolution
		{37E0BEE0-97A7-4BCE-A92D-11F8CD2228EE}.Debug|Any CPU.ActiveCfg = Debug|Any CPU
		{37E0BEE0-97A7-4BCE-A92D-11F8CD2228EE}.Debug|Any CPU.Build.0 = Debug|Any CPU
		{37E0BEE0-97A7-4BCE-A92D-11F8CD2228EE}.Release|Any CPU.ActiveCfg = Release|Any CPU
		{37E0BEE0-97A7-4BCE-A92D-11F8CD2228EE}.Release|Any CPU.Build.0 = Release|Any CPU
	EndGlobalSection
	GlobalSection(SolutionProperties) = preSolution
		HideSolutionNode = FALSE
	EndGlobalSection
	GlobalSection(ExtensibilityGlobals) = postSolution
		SolutionGuid = {96E033D9-E936-496A-95C3-4DE960C9F7D1}
	EndGlobalSection
EndGlobal
