
Microsoft Visual Studio Solution File, Format Version 12.00
# Visual Studio Version 16
VisualStudioVersion = 16.0.30225.117
MinimumVisualStudioVersion = 10.0.40219.1
Project("{FAE04EC0-301F-11D3-BF4B-00C04F79EFBC}") = "01.NumbersEndingIn7", "01.NumbersEndingIn7\01.NumbersEndingIn7.csproj", "{5066663F-B6F8-40F4-A02D-5AE95F614575}"
EndProject
Project("{FAE04EC0-301F-11D3-BF4B-00C04F79EFBC}") = "02.ExamPreparation", "02.ExamPreparation\02.ExamPreparation.csproj", "{7F1ED41B-E597-4A8C-A0A0-208237DCC337}"
EndProject
Project("{FAE04EC0-301F-11D3-BF4B-00C04F79EFBC}") = "03.Vacation", "03.Vacation\03.Vacation.csproj", "{B2BC8C69-0391-4D0A-BD90-3B11CBABA265}"
EndProject
Project("{FAE04EC0-301F-11D3-BF4B-00C04F79EFBC}") = "04.Walking", "04.Walking\04.Walking.csproj", "{9C9E34E1-E83E-4130-B3F3-AB2E153D0742}"
EndProject
Project("{FAE04EC0-301F-11D3-BF4B-00C04F79EFBC}") = "05.Coins", "05.Coins\05.Coins.csproj", "{EA9C3A81-AFFD-410C-A22F-822D4F89C3D6}"
EndProject
Global
	GlobalSection(SolutionConfigurationPlatforms) = preSolution
		Debug|Any CPU = Debug|Any CPU
		Release|Any CPU = Release|Any CPU
	EndGlobalSection
	GlobalSection(ProjectConfigurationPlatforms) = postSolution
		{5066663F-B6F8-40F4-A02D-5AE95F614575}.Debug|Any CPU.ActiveCfg = Debug|Any CPU
		{5066663F-B6F8-40F4-A02D-5AE95F614575}.Debug|Any CPU.Build.0 = Debug|Any CPU
		{5066663F-B6F8-40F4-A02D-5AE95F614575}.Release|Any CPU.ActiveCfg = Release|Any CPU
		{5066663F-B6F8-40F4-A02D-5AE95F614575}.Release|Any CPU.Build.0 = Release|Any CPU
		{7F1ED41B-E597-4A8C-A0A0-208237DCC337}.Debug|Any CPU.ActiveCfg = Debug|Any CPU
		{7F1ED41B-E597-4A8C-A0A0-208237DCC337}.Debug|Any CPU.Build.0 = Debug|Any CPU
		{7F1ED41B-E597-4A8C-A0A0-208237DCC337}.Release|Any CPU.ActiveCfg = Release|Any CPU
		{7F1ED41B-E597-4A8C-A0A0-208237DCC337}.Release|Any CPU.Build.0 = Release|Any CPU
		{B2BC8C69-0391-4D0A-BD90-3B11CBABA265}.Debug|Any CPU.ActiveCfg = Debug|Any CPU
		{B2BC8C69-0391-4D0A-BD90-3B11CBABA265}.Debug|Any CPU.Build.0 = Debug|Any CPU
		{B2BC8C69-0391-4D0A-BD90-3B11CBABA265}.Release|Any CPU.ActiveCfg = Release|Any CPU
		{B2BC8C69-0391-4D0A-BD90-3B11CBABA265}.Release|Any CPU.Build.0 = Release|Any CPU
		{9C9E34E1-E83E-4130-B3F3-AB2E153D0742}.Debug|Any CPU.ActiveCfg = Debug|Any CPU
		{9C9E34E1-E83E-4130-B3F3-AB2E153D0742}.Debug|Any CPU.Build.0 = Debug|Any CPU
		{9C9E34E1-E83E-4130-B3F3-AB2E153D0742}.Release|Any CPU.ActiveCfg = Release|Any CPU
		{9C9E34E1-E83E-4130-B3F3-AB2E153D0742}.Release|Any CPU.Build.0 = Release|Any CPU
		{EA9C3A81-AFFD-410C-A22F-822D4F89C3D6}.Debug|Any CPU.ActiveCfg = Debug|Any CPU
		{EA9C3A81-AFFD-410C-A22F-822D4F89C3D6}.Debug|Any CPU.Build.0 = Debug|Any CPU
		{EA9C3A81-AFFD-410C-A22F-822D4F89C3D6}.Release|Any CPU.ActiveCfg = Release|Any CPU
		{EA9C3A81-AFFD-410C-A22F-822D4F89C3D6}.Release|Any CPU.Build.0 = Release|Any CPU
	EndGlobalSection
	GlobalSection(SolutionProperties) = preSolution
		HideSolutionNode = FALSE
	EndGlobalSection
	GlobalSection(ExtensibilityGlobals) = postSolution
		SolutionGuid = {A4EBCB8F-B030-4489-8D08-70C277A1DC1D}
	EndGlobalSection
EndGlobal
