
Microsoft Visual Studio Solution File, Format Version 12.00
# Visual Studio Version 16
VisualStudioVersion = 16.0.30413.136
MinimumVisualStudioVersion = 10.0.40219.1
Project("{FAE04EC0-301F-11D3-BF4B-00C04F79EFBC}") = "1.DiagonalDifference", "1.DiagonalDifference\1.DiagonalDifference.csproj", "{2240C38C-3033-40E7-9996-EC84806A8F4A}"
EndProject
Global
	GlobalSection(SolutionConfigurationPlatforms) = preSolution
		Debug|Any CPU = Debug|Any CPU
		Release|Any CPU = Release|Any CPU
	EndGlobalSection
	GlobalSection(ProjectConfigurationPlatforms) = postSolution
		{2240C38C-3033-40E7-9996-EC84806A8F4A}.Debug|Any CPU.ActiveCfg = Debug|Any CPU
		{2240C38C-3033-40E7-9996-EC84806A8F4A}.Debug|Any CPU.Build.0 = Debug|Any CPU
		{2240C38C-3033-40E7-9996-EC84806A8F4A}.Release|Any CPU.ActiveCfg = Release|Any CPU
		{2240C38C-3033-40E7-9996-EC84806A8F4A}.Release|Any CPU.Build.0 = Release|Any CPU
	EndGlobalSection
	GlobalSection(SolutionProperties) = preSolution
		HideSolutionNode = FALSE
	EndGlobalSection
	GlobalSection(ExtensibilityGlobals) = postSolution
		SolutionGuid = {530B1250-07F7-4A67-8C0A-924A7D77840F}
	EndGlobalSection
EndGlobal
