
Microsoft Visual Studio Solution File, Format Version 12.00
# Visual Studio Version 16
VisualStudioVersion = 16.0.31205.134
MinimumVisualStudioVersion = 10.0.40219.1
Project("{FAE04EC0-301F-11D3-BF4B-00C04F79EFBC}") = "AutoMappingObjects", "AutoMappingObjects\AutoMappingObjects.csproj", "{913FEA06-1A90-43F1-8A0D-DC6AA7D83602}"
EndProject
Global
	GlobalSection(SolutionConfigurationPlatforms) = preSolution
		Debug|Any CPU = Debug|Any CPU
		Release|Any CPU = Release|Any CPU
	EndGlobalSection
	GlobalSection(ProjectConfigurationPlatforms) = postSolution
		{913FEA06-1A90-43F1-8A0D-DC6AA7D83602}.Debug|Any CPU.ActiveCfg = Debug|Any CPU
		{913FEA06-1A90-43F1-8A0D-DC6AA7D83602}.Debug|Any CPU.Build.0 = Debug|Any CPU
		{913FEA06-1A90-43F1-8A0D-DC6AA7D83602}.Release|Any CPU.ActiveCfg = Release|Any CPU
		{913FEA06-1A90-43F1-8A0D-DC6AA7D83602}.Release|Any CPU.Build.0 = Release|Any CPU
	EndGlobalSection
	GlobalSection(SolutionProperties) = preSolution
		HideSolutionNode = FALSE
	EndGlobalSection
	GlobalSection(ExtensibilityGlobals) = postSolution
		SolutionGuid = {3707952B-E372-4AE8-891E-670CB18D1F56}
	EndGlobalSection
EndGlobal
