
Microsoft Visual Studio Solution File, Format Version 12.00
# Visual Studio Version 16
VisualStudioVersion = 16.0.30413.136
MinimumVisualStudioVersion = 10.0.40219.1
Project("{9A19103F-16F7-4668-BE54-9A1E7A4F7556}") = "01.Ranking", "01.Ranking\01.Ranking.csproj", "{9BE6257A-A152-412E-9550-E51D40821A10}"
EndProject
Project("{9A19103F-16F7-4668-BE54-9A1E7A4F7556}") = "02. Judge", "02. Judge\02. Judge.csproj", "{82824510-D4A2-4A6D-B8EC-81E73EF088F6}"
EndProject
Project("{FAE04EC0-301F-11D3-BF4B-00C04F79EFBC}") = "03.MOBAChallenger", "03.MOBAChallenger\03.MOBAChallenger.csproj", "{5F12498F-E9FB-4FD6-BFD0-44CAEC1EF253}"
EndProject
Global
	GlobalSection(SolutionConfigurationPlatforms) = preSolution
		Debug|Any CPU = Debug|Any CPU
		Release|Any CPU = Release|Any CPU
	EndGlobalSection
	GlobalSection(ProjectConfigurationPlatforms) = postSolution
		{9BE6257A-A152-412E-9550-E51D40821A10}.Debug|Any CPU.ActiveCfg = Debug|Any CPU
		{9BE6257A-A152-412E-9550-E51D40821A10}.Debug|Any CPU.Build.0 = Debug|Any CPU
		{9BE6257A-A152-412E-9550-E51D40821A10}.Release|Any CPU.ActiveCfg = Release|Any CPU
		{9BE6257A-A152-412E-9550-E51D40821A10}.Release|Any CPU.Build.0 = Release|Any CPU
		{82824510-D4A2-4A6D-B8EC-81E73EF088F6}.Debug|Any CPU.ActiveCfg = Debug|Any CPU
		{82824510-D4A2-4A6D-B8EC-81E73EF088F6}.Debug|Any CPU.Build.0 = Debug|Any CPU
		{82824510-D4A2-4A6D-B8EC-81E73EF088F6}.Release|Any CPU.ActiveCfg = Release|Any CPU
		{82824510-D4A2-4A6D-B8EC-81E73EF088F6}.Release|Any CPU.Build.0 = Release|Any CPU
		{5F12498F-E9FB-4FD6-BFD0-44CAEC1EF253}.Debug|Any CPU.ActiveCfg = Debug|Any CPU
		{5F12498F-E9FB-4FD6-BFD0-44CAEC1EF253}.Debug|Any CPU.Build.0 = Debug|Any CPU
		{5F12498F-E9FB-4FD6-BFD0-44CAEC1EF253}.Release|Any CPU.ActiveCfg = Release|Any CPU
		{5F12498F-E9FB-4FD6-BFD0-44CAEC1EF253}.Release|Any CPU.Build.0 = Release|Any CPU
	EndGlobalSection
	GlobalSection(SolutionProperties) = preSolution
		HideSolutionNode = FALSE
	EndGlobalSection
	GlobalSection(ExtensibilityGlobals) = postSolution
		SolutionGuid = {8D5D8BAD-FB12-4545-A462-8F6608C95BDC}
	EndGlobalSection
EndGlobal
