
Microsoft Visual Studio Solution File, Format Version 12.00
# Visual Studio Version 16
VisualStudioVersion = 16.0.30413.136
MinimumVisualStudioVersion = 10.0.40219.1
Project("{FAE04EC0-301F-11D3-BF4B-00C04F79EFBC}") = "01.PasswordReset", "01.PasswordReset\01.PasswordReset.csproj", "{1FDC4721-8859-4135-8C53-24D7C44D618B}"
EndProject
Project("{FAE04EC0-301F-11D3-BF4B-00C04F79EFBC}") = "02.FancyBarcodes", "02.FancyBarcodes\02.FancyBarcodes.csproj", "{8CDB0BAD-DD5A-436D-AA65-56D463622C65}"
EndProject
Global
	GlobalSection(SolutionConfigurationPlatforms) = preSolution
		Debug|Any CPU = Debug|Any CPU
		Release|Any CPU = Release|Any CPU
	EndGlobalSection
	GlobalSection(ProjectConfigurationPlatforms) = postSolution
		{1FDC4721-8859-4135-8C53-24D7C44D618B}.Debug|Any CPU.ActiveCfg = Debug|Any CPU
		{1FDC4721-8859-4135-8C53-24D7C44D618B}.Debug|Any CPU.Build.0 = Debug|Any CPU
		{1FDC4721-8859-4135-8C53-24D7C44D618B}.Release|Any CPU.ActiveCfg = Release|Any CPU
		{1FDC4721-8859-4135-8C53-24D7C44D618B}.Release|Any CPU.Build.0 = Release|Any CPU
		{8CDB0BAD-DD5A-436D-AA65-56D463622C65}.Debug|Any CPU.ActiveCfg = Debug|Any CPU
		{8CDB0BAD-DD5A-436D-AA65-56D463622C65}.Debug|Any CPU.Build.0 = Debug|Any CPU
		{8CDB0BAD-DD5A-436D-AA65-56D463622C65}.Release|Any CPU.ActiveCfg = Release|Any CPU
		{8CDB0BAD-DD5A-436D-AA65-56D463622C65}.Release|Any CPU.Build.0 = Release|Any CPU
	EndGlobalSection
	GlobalSection(SolutionProperties) = preSolution
		HideSolutionNode = FALSE
	EndGlobalSection
	GlobalSection(ExtensibilityGlobals) = postSolution
		SolutionGuid = {85482F4B-7F48-41A4-83FD-ABCE00CDAF95}
	EndGlobalSection
EndGlobal
